
Microsoft Visual Studio Solution File, Format Version 12.00
# Visual Studio Version 17
VisualStudioVersion = 17.9.34607.119
MinimumVisualStudioVersion = 10.0.40219.1
Project("{FAE04EC0-301F-11D3-BF4B-00C04F79EFBC}") = "Assignment 3", "Assignment 3\Assignment 3.csproj", "{47F5D494-9141-4C2A-849B-2A0017C92EA6}"
EndProject
Global
	GlobalSection(SolutionConfigurationPlatforms) = preSolution
		Debug|Any CPU = Debug|Any CPU
		Release|Any CPU = Release|Any CPU
	EndGlobalSection
	GlobalSection(ProjectConfigurationPlatforms) = postSolution
		{47F5D494-9141-4C2A-849B-2A0017C92EA6}.Debug|Any CPU.ActiveCfg = Debug|Any CPU
		{47F5D494-9141-4C2A-849B-2A0017C92EA6}.Debug|Any CPU.Build.0 = Debug|Any CPU
		{47F5D494-9141-4C2A-849B-2A0017C92EA6}.Release|Any CPU.ActiveCfg = Release|Any CPU
		{47F5D494-9141-4C2A-849B-2A0017C92EA6}.Release|Any CPU.Build.0 = Release|Any CPU
	EndGlobalSection
	GlobalSection(SolutionProperties) = preSolution
		HideSolutionNode = FALSE
	EndGlobalSection
	GlobalSection(ExtensibilityGlobals) = postSolution
		SolutionGuid = {B80FA2B4-34BC-41E0-93BB-78ED27C9B5B0}
	EndGlobalSection
EndGlobal
